
Microsoft Visual Studio Solution File, Format Version 12.00
# Visual Studio 15
VisualStudioVersion = 15.0.28307.852
MinimumVisualStudioVersion = 10.0.40219.1
Project("{FAE04EC0-301F-11D3-BF4B-00C04F79EFBC}") = "WinScrollHolder", "WinScrollFixer\WinScrollHolder.csproj", "{D1388567-21B2-464C-B753-21D3D3EFE542}"
EndProject
Global
	GlobalSection(SolutionConfigurationPlatforms) = preSolution
		Debug|Any CPU = Debug|Any CPU
		Release|Any CPU = Release|Any CPU
	EndGlobalSection
	GlobalSection(ProjectConfigurationPlatforms) = postSolution
		{D1388567-21B2-464C-B753-21D3D3EFE542}.Debug|Any CPU.ActiveCfg = Debug|Any CPU
		{D1388567-21B2-464C-B753-21D3D3EFE542}.Debug|Any CPU.Build.0 = Debug|Any CPU
		{D1388567-21B2-464C-B753-21D3D3EFE542}.Release|Any CPU.ActiveCfg = Release|Any CPU
		{D1388567-21B2-464C-B753-21D3D3EFE542}.Release|Any CPU.Build.0 = Release|Any CPU
	EndGlobalSection
	GlobalSection(SolutionProperties) = preSolution
		HideSolutionNode = FALSE
	EndGlobalSection
	GlobalSection(ExtensibilityGlobals) = postSolution
		SolutionGuid = {A62129B7-F24A-4B93-8016-8549480E6733}
	EndGlobalSection
EndGlobal
